
Microsoft Visual Studio Solution File, Format Version 12.00
# Visual Studio Version 17
VisualStudioVersion = 17.3.32611.2
MinimumVisualStudioVersion = 10.0.40219.1
Project("{FAE04EC0-301F-11D3-BF4B-00C04F79EFBC}") = "demoapp", "demoapp\demoapp.csproj", "{7B76ED28-2D07-4FE1-BA13-F348136E228C}"
EndProject
Global
	GlobalSection(SolutionConfigurationPlatforms) = preSolution
		Debug|Any CPU = Debug|Any CPU
		Release|Any CPU = Release|Any CPU
	EndGlobalSection
	GlobalSection(ProjectConfigurationPlatforms) = postSolution
		{7B76ED28-2D07-4FE1-BA13-F348136E228C}.Debug|Any CPU.ActiveCfg = Debug|Any CPU
		{7B76ED28-2D07-4FE1-BA13-F348136E228C}.Debug|Any CPU.Build.0 = Debug|Any CPU
		{7B76ED28-2D07-4FE1-BA13-F348136E228C}.Release|Any CPU.ActiveCfg = Release|Any CPU
		{7B76ED28-2D07-4FE1-BA13-F348136E228C}.Release|Any CPU.Build.0 = Release|Any CPU
	EndGlobalSection
	GlobalSection(SolutionProperties) = preSolution
		HideSolutionNode = FALSE
	EndGlobalSection
	GlobalSection(ExtensibilityGlobals) = postSolution
		SolutionGuid = {80A47B04-3384-4AA7-A65E-B2434A06DF11}
	EndGlobalSection
EndGlobal
